// !$*UTF8*$!
{
	archiveVersion = 1;
	classes = {
	};
	objectVersion = 50;
	objects = {

/* Begin PBXBuildFile section */
		0067E7F3215602F800459A06 /* AppDelegate.swift in Sources */ = {isa = PBXBuildFile; fileRef = 0067E7F2215602F800459A06 /* AppDelegate.swift */; };
		0067E7F5215602F800459A06 /* ViewController.swift in Sources */ = {isa = PBXBuildFile; fileRef = 0067E7F4215602F800459A06 /* ViewController.swift */; };
		0067E7F8215602F800459A06 /* Main.storyboard in Resources */ = {isa = PBXBuildFile; fileRef = 0067E7F6215602F800459A06 /* Main.storyboard */; };
		0067E7FA215602F900459A06 /* Assets.xcassets in Resources */ = {isa = PBXBuildFile; fileRef = 0067E7F9215602F900459A06 /* Assets.xcassets */; };
		0067E7FD215602F900459A06 /* LaunchScreen.storyboard in Resources */ = {isa = PBXBuildFile; fileRef = 0067E7FB215602F900459A06 /* LaunchScreen.storyboard */; };
		0067E8052156031E00459A06 /* AGTableView.swift in Sources */ = {isa = PBXBuildFile; fileRef = 0067E8042156031E00459A06 /* AGTableView.swift */; };
		0067E8092156038B00459A06 /* InnerTableViewCell.swift in Sources */ = {isa = PBXBuildFile; fileRef = 0067E8072156038B00459A06 /* InnerTableViewCell.swift */; };
		0067E810215609DB00459A06 /* InnerTableViewCell.xib in Resources */ = {isa = PBXBuildFile; fileRef = 0067E80E215609DB00459A06 /* InnerTableViewCell.xib */; };
		0067E81221560A4400459A06 /* UITableViewCell+Extension.swift in Sources */ = {isa = PBXBuildFile; fileRef = 0067E81121560A4400459A06 /* UITableViewCell+Extension.swift */; };
/* End PBXBuildFile section */

/* Begin PBXFileReference section */
		0067E7EF215602F800459A06 /* AutoHeightIncrementTableViewDemo.app */ = {isa = PBXFileReference; explicitFileType = wrapper.application; includeInIndex = 0; path = AutoHeightIncrementTableViewDemo.app; sourceTree = BUILT_PRODUCTS_DIR; };
		0067E7F2215602F800459A06 /* AppDelegate.swift */ = {isa = PBXFileReference; lastKnownFileType = sourcecode.swift; path = AppDelegate.swift; sourceTree = "<group>"; };
		0067E7F4215602F800459A06 /* ViewController.swift */ = {isa = PBXFileReference; lastKnownFileType = sourcecode.swift; path = ViewController.swift; sourceTree = "<group>"; };
		0067E7F7215602F800459A06 /* Base */ = {isa = PBXFileReference; lastKnownFileType = file.storyboard; name = Base; path = Base.lproj/Main.storyboard; sourceTree = "<group>"; };
		0067E7F9215602F900459A06 /* Assets.xcassets */ = {isa = PBXFileReference; lastKnownFileType = folder.assetcatalog; path = Assets.xcassets; sourceTree = "<group>"; };
		0067E7FC215602F900459A06 /* Base */ = {isa = PBXFileReference; lastKnownFileType = file.storyboard; name = Base; path = Base.lproj/LaunchScreen.storyboard; sourceTree = "<group>"; };
		0067E7FE215602F900459A06 /* Info.plist */ = {isa = PBXFileReference; lastKnownFileType = text.plist.xml; path = Info.plist; sourceTree = "<group>"; };
		0067E8042156031E00459A06 /* AGTableView.swift */ = {isa = PBXFileReference; fileEncoding = 4; lastKnownFileType = sourcecode.swift; path = AGTableView.swift; sourceTree = "<group>"; };
		0067E8072156038B00459A06 /* InnerTableViewCell.swift */ = {isa = PBXFileReference; lastKnownFileType = sourcecode.swift; path = "Inner\U0010TableViewCell.swift"; sourceTree = "<group>"; };
		0067E80E215609DB00459A06 /* InnerTableViewCell.xib */ = {isa = PBXFileReference; lastKnownFileType = file.xib; path = InnerTableViewCell.xib; sourceTree = "<group>"; };
		0067E81121560A4400459A06 /* UITableViewCell+Extension.swift */ = {isa = PBXFileReference; fileEncoding = 4; lastKnownFileType = sourcecode.swift; path = "UITableViewCell+Extension.swift"; sourceTree = "<group>"; };
/* End PBXFileReference section */

/* Begin PBXFrameworksBuildPhase section */
		0067E7EC215602F800459A06 /* Frameworks */ = {
			isa = PBXFrameworksBuildPhase;
			buildActionMask = 2147483647;
			files = (
			);
			runOnlyForDeploymentPostprocessing = 0;
		};
/* End PBXFrameworksBuildPhase section */

/* Begin PBXGroup section */
		0067E7E6215602F800459A06 = {
			isa = PBXGroup;
			children = (
				0067E7F1215602F800459A06 /* AutoHeightIncrementTableViewDemo */,
				0067E7F0215602F800459A06 /* Products */,
			);
			sourceTree = "<group>";
		};
		0067E7F0215602F800459A06 /* Products */ = {
			isa = PBXGroup;
			children = (
				0067E7EF215602F800459A06 /* AutoHeightIncrementTableViewDemo.app */,
			);
			name = Products;
			sourceTree = "<group>";
		};
		0067E7F1215602F800459A06 /* AutoHeightIncrementTableViewDemo */ = {
			isa = PBXGroup;
			children = (
				0067E80C215609D100459A06 /* Cell */,
				0067E80B215603CE00459A06 /* Classes */,
				0067E8062156037700459A06 /* TableViewCell */,
				0067E7F2215602F800459A06 /* AppDelegate.swift */,
				0067E7F4215602F800459A06 /* ViewController.swift */,
				0067E7F6215602F800459A06 /* Main.storyboard */,
				0067E7F9215602F900459A06 /* Assets.xcassets */,
				0067E7FB215602F900459A06 /* LaunchScreen.storyboard */,
				0067E7FE215602F900459A06 /* Info.plist */,
			);
			path = AutoHeightIncrementTableViewDemo;
			sourceTree = "<group>";
		};
		0067E8062156037700459A06 /* TableViewCell */ = {
			isa = PBXGroup;
			children = (
			);
			path = TableViewCell;
			sourceTree = "<group>";
		};
		0067E80B215603CE00459A06 /* Classes */ = {
			isa = PBXGroup;
			children = (
				0067E8042156031E00459A06 /* AGTableView.swift */,
				0067E81121560A4400459A06 /* UITableViewCell+Extension.swift */,
			);
			path = Classes;
			sourceTree = "<group>";
		};
		0067E80C215609D100459A06 /* Cell */ = {
			isa = PBXGroup;
			children = (
				0067E8072156038B00459A06 /* InnerTableViewCell.swift */,
				0067E80E215609DB00459A06 /* InnerTableViewCell.xib */,
			);
			path = Cell;
			sourceTree = "<group>";
		};
/* End PBXGroup section */

/* Begin PBXNativeTarget section */
		0067E7EE215602F800459A06 /* AutoHeightIncrementTableViewDemo */ = {
			isa = PBXNativeTarget;
			buildConfigurationList = 0067E801215602F900459A06 /* Build configuration list for PBXNativeTarget "AutoHeightIncrementTableViewDemo" */;
			buildPhases = (
				0067E7EB215602F800459A06 /* Sources */,
				0067E7EC215602F800459A06 /* Frameworks */,
				0067E7ED215602F800459A06 /* Resources */,
			);
			buildRules = (
			);
			dependencies = (
			);
			name = AutoHeightIncrementTableViewDemo;
			productName = AutoHeightIncrementTableViewDemo;
			productReference = 0067E7EF215602F800459A06 /* AutoHeightIncrementTableViewDemo.app */;
			productType = "com.apple.product-type.application";
		};
/* End PBXNativeTarget section */

/* Begin PBXProject section */
		0067E7E7215602F800459A06 /* Project object */ = {
			isa = PBXProject;
			attributes = {
				LastSwiftUpdateCheck = 0940;
				LastUpgradeCheck = 0940;
				ORGANIZATIONNAME = "Ashvin Gudaliya";
				TargetAttributes = {
					0067E7EE215602F800459A06 = {
						CreatedOnToolsVersion = 9.4.1;
					};
				};
			};
			buildConfigurationList = 0067E7EA215602F800459A06 /* Build configuration list for PBXProject "AutoHeightIncrementTableViewDemo" */;
			compatibilityVersion = "Xcode 9.3";
			developmentRegion = en;
			hasScannedForEncodings = 0;
			knownRegions = (
				en,
				Base,
			);
			mainGroup = 0067E7E6215602F800459A06;
			productRefGroup = 0067E7F0215602F800459A06 /* Products */;
			projectDirPath = "";
			projectRoot = "";
			targets = (
				0067E7EE215602F800459A06 /* AutoHeightIncrementTableViewDemo */,
			);
		};
/* End PBXProject section */

/* Begin PBXResourcesBuildPhase section */
		0067E7ED215602F800459A06 /* Resources */ = {
			isa = PBXResourcesBuildPhase;
			buildActionMask = 2147483647;
			files = (
				0067E7FD215602F900459A06 /* LaunchScreen.storyboard in Resources */,
				0067E7FA215602F900459A06 /* Assets.xcassets in Resources */,
				0067E7F8215602F800459A06 /* Main.storyboard in Resources */,
				0067E810215609DB00459A06 /* InnerTableViewCell.xib in Resources */,
			);
			runOnlyForDeploymentPostprocessing = 0;
		};
/* End PBXResourcesBuildPhase section */

/* Begin PBXSourcesBuildPhase section */
		0067E7EB215602F800459A06 /* Sources */ = {
			isa = PBXSourcesBuildPhase;
			buildActionMask = 2147483647;
			files = (
				0067E7F5215602F800459A06 /* ViewController.swift in Sources */,
				0067E81221560A4400459A06 /* UITableViewCell+Extension.swift in Sources */,
				0067E8052156031E00459A06 /* AGTableView.swift in Sources */,
				0067E7F3215602F800459A06 /* AppDelegate.swift in Sources */,
				0067E8092156038B00459A06 /* InnerTableViewCell.swift in Sources */,
			);
			runOnlyForDeploymentPostprocessing = 0;
		};
/* End PBXSourcesBuildPhase section */

/* Begin PBXVariantGroup section */
		0067E7F6215602F800459A06 /* Main.storyboard */ = {
			isa = PBXVariantGroup;
			children = (
				0067E7F7215602F800459A06 /* Base */,
			);
			name = Main.storyboard;
			sourceTree = "<group>";
		};
		0067E7FB215602F900459A06 /* LaunchScreen.storyboard */ = {
			isa = PBXVariantGroup;
			children = (
				0067E7FC215602F900459A06 /* Base */,
			);
			name = LaunchScreen.storyboard;
			sourceTree = "<group>";
		};
/* End PBXVariantGroup section */

/* Begin XCBuildConfiguration section */
		0067E7FF215602F900459A06 /* Debug */ = {
			isa = XCBuildConfiguration;
			buildSettings = {
				ALWAYS_SEARCH_USER_PATHS = NO;
				CLANG_ANALYZER_NONNULL = YES;
				CLANG_ANALYZER_NUMBER_OBJECT_CONVERSION = YES_AGGRESSIVE;
				CLANG_CXX_LANGUAGE_STANDARD = "gnu++14";
				CLANG_CXX_LIBRARY = "libc++";
				CLANG_ENABLE_MODULES = YES;
				CLANG_ENABLE_OBJC_ARC = YES;
				CLANG_ENABLE_OBJC_WEAK = YES;
				CLANG_WARN_BLOCK_CAPTURE_AUTORELEASING = YES;
				CLANG_WARN_BOOL_CONVERSION = YES;
				CLANG_WARN_COMMA = YES;
				CLANG_WARN_CONSTANT_CONVERSION = YES;
				CLANG_WARN_DEPRECATED_OBJC_IMPLEMENTATIONS = YES;
				CLANG_WARN_DIRECT_OBJC_ISA_USAGE = YES_ERROR;
				CLANG_WARN_DOCUMENTATION_COMMENTS = YES;
				CLANG_WARN_EMPTY_BODY = YES;
				CLANG_WARN_ENUM_CONVERSION = YES;
				CLANG_WARN_INFINITE_RECURSION = YES;
				CLANG_WARN_INT_CONVERSION = YES;
				CLANG_WARN_NON_LITERAL_NULL_CONVERSION = YES;
				CLANG_WARN_OBJC_IMPLICIT_RETAIN_SELF = YES;
				CLANG_WARN_OBJC_LITERAL_CONVERSION = YES;
				CLANG_WARN_OBJC_ROOT_CLASS = YES_ERROR;
				CLANG_WARN_RANGE_LOOP_ANALYSIS = YES;
				CLANG_WARN_STRICT_PROTOTYPES = YES;
				CLANG_WARN_SUSPICIOUS_MOVE = YES;
				CLANG_WARN_UNGUARDED_AVAILABILITY = YES_AGGRESSIVE;
				CLANG_WARN_UNREACHABLE_CODE = YES;
				CLANG_WARN__DUPLICATE_METHOD_MATCH = YES;
				CODE_SIGN_IDENTITY = "iPhone Developer";
				COPY_PHASE_STRIP = NO;
				DEBUG_INFORMATION_FORMAT = dwarf;
				ENABLE_STRICT_OBJC_MSGSEND = YES;
				ENABLE_TESTABILITY = YES;
				GCC_C_LANGUAGE_STANDARD = gnu11;
				GCC_DYNAMIC_NO_PIC = NO;
				GCC_NO_COMMON_BLOCKS = YES;
				GCC_OPTIMIZATION_LEVEL = 0;
				GCC_PREPROCESSOR_DEFINITIONS = (
					"DEBUG=1",
					"$(inherited)",
				);
				GCC_WARN_64_TO_32_BIT_CONVERSION = YES;
				GCC_WARN_ABOUT_RETURN_TYPE = YES_ERROR;
				GCC_WARN_UNDECLARED_SELECTOR = YES;
				GCC_WARN_UNINITIALIZED_AUTOS = YES_AGGRESSIVE;
				GCC_WARN_UNUSED_FUNCTION = YES;
				GCC_WARN_UNUSED_VARIABLE = YES;
				IPHONEOS_DEPLOYMENT_TARGET = 11.4;
				MTL_ENABLE_DEBUG_INFO = YES;
				ONLY_ACTIVE_ARCH = YES;
				SDKROOT = iphoneos;
				SWIFT_ACTIVE_COMPILATION_CONDITIONS = DEBUG;
				SWIFT_OPTIMIZATION_LEVEL = "-Onone";
			};
			name = Debug;
		};
		0067E800215602F900459A06 /* Release */ = {
			isa = XCBuildConfiguration;
			buildSettings = {
				ALWAYS_SEARCH_USER_PATHS = NO;
				CLANG_ANALYZER_NONNULL = YES;
				CLANG_ANALYZER_NUMBER_OBJECT_CONVERSION = YES_AGGRESSIVE;
				CLANG_CXX_LANGUAGE_STANDARD = "gnu++14";
				CLANG_CXX_LIBRARY = "libc++";
				CLANG_ENABLE_MODULES = YES;
				CLANG_ENABLE_OBJC_ARC = YES;
				CLANG_ENABLE_OBJC_WEAK = YES;
				CLANG_WARN_BLOCK_CAPTURE_AUTORELEASING = YES;
				CLANG_WARN_BOOL_CONVERSION = YES;
				CLANG_WARN_COMMA = YES;
				CLANG_WARN_CONSTANT_CONVERSION = YES;
				CLANG_WARN_DEPRECATED_OBJC_IMPLEMENTATIONS = YES;
				CLANG_WARN_DIRECT_OBJC_ISA_USAGE = YES_ERROR;
				CLANG_WARN_DOCUMENTATION_COMMENTS = YES;
				CLANG_WARN_EMPTY_BODY = YES;
				CLANG_WARN_ENUM_CONVERSION = YES;
				CLANG_WARN_INFINITE_RECURSION = YES;
				CLANG_WARN_INT_CONVERSION = YES;
				CLANG_WARN_NON_LITERAL_NULL_CONVERSION = YES;
				CLANG_WARN_OBJC_IMPLICIT_RETAIN_SELF = YES;
				CLANG_WARN_OBJC_LITERAL_CONVERSION = YES;
				CLANG_WARN_OBJC_ROOT_CLASS = YES_ERROR;
				CLANG_WARN_RANGE_LOOP_ANALYSIS = YES;
				CLANG_WARN_STRICT_PROTOTYPES = YES;
				CLANG_WARN_SUSPICIOUS_MOVE = YES;
				CLANG_WARN_UNGUARDED_AVAILABILITY = YES_AGGRESSIVE;
				CLANG_WARN_UNREACHABLE_CODE = YES;
				CLANG_WARN__DUPLICATE_METHOD_MATCH = YES;
				CODE_SIGN_IDENTITY = "iPhone Developer";
				COPY_PHASE_STRIP = NO;
				DEBUG_INFORMATION_FORMAT = "dwarf-with-dsym";
				ENABLE_NS_ASSERTIONS = NO;
				ENABLE_STRICT_OBJC_MSGSEND = YES;
				GCC_C_LANGUAGE_STANDARD = gnu11;
				GCC_NO_COMMON_BLOCKS = YES;
				GCC_WARN_64_TO_32_BIT_CONVERSION = YES;
				GCC_WARN_ABOUT_RETURN_TYPE = YES_ERROR;
				GCC_WARN_UNDECLARED_SELECTOR = YES;
				GCC_WARN_UNINITIALIZED_AUTOS = YES_AGGRESSIVE;
				GCC_WARN_UNUSED_FUNCTION = YES;
				GCC_WARN_UNUSED_VARIABLE = YES;
				IPHONEOS_DEPLOYMENT_TARGET = 11.4;
				MTL_ENABLE_DEBUG_INFO = NO;
				SDKROOT = iphoneos;
				SWIFT_COMPILATION_MODE = wholemodule;
				SWIFT_OPTIMIZATION_LEVEL = "-O";
				VALIDATE_PRODUCT = YES;
			};
			name = Release;
		};
		0067E802215602F900459A06 /* Debug */ = {
			isa = XCBuildConfiguration;
			buildSettings = {
				ASSETCATALOG_COMPILER_APPICON_NAME = AppIcon;
				CODE_SIGN_STYLE = Automatic;
				INFOPLIST_FILE = AutoHeightIncrementTableViewDemo/Info.plist;
				LD_RUNPATH_SEARCH_PATHS = (
					"$(inherited)",
					"@executable_path/Frameworks",
				);
				PRODUCT_BUNDLE_IDENTIFIER = com.elworkbook.chi.AutoHeightIncrementTableViewDemo;
				PRODUCT_NAME = "$(TARGET_NAME)";
				SWIFT_VERSION = 4.0;
				TARGETED_DEVICE_FAMILY = "1,2";
			};
			name = Debug;
		};
		0067E803215602F900459A06 /* Release */ = {
			isa = XCBuildConfiguration;
			buildSettings = {
				ASSETCATALOG_COMPILER_APPICON_NAME = AppIcon;
				CODE_SIGN_STYLE = Automatic;
				INFOPLIST_FILE = AutoHeightIncrementTableViewDemo/Info.plist;
				LD_RUNPATH_SEARCH_PATHS = (
					"$(inherited)",
					"@executable_path/Frameworks",
				);
				PRODUCT_BUNDLE_IDENTIFIER = com.elworkbook.chi.AutoHeightIncrementTableViewDemo;
				PRODUCT_NAME = "$(TARGET_NAME)";
				SWIFT_VERSION = 4.0;
				TARGETED_DEVICE_FAMILY = "1,2";
			};
			name = Release;
		};
/* End XCBuildConfiguration section */

/* Begin XCConfigurationList section */
		0067E7EA215602F800459A06 /* Build configuration list for PBXProject "AutoHeightIncrementTableViewDemo" */ = {
			isa = XCConfigurationList;
			buildConfigurations = (
				0067E7FF215602F900459A06 /* Debug */,
				0067E800215602F900459A06 /* Release */,
			);
			defaultConfigurationIsVisible = 0;
			defaultConfigurationName = Release;
		};
		0067E801215602F900459A06 /* Build configuration list for PBXNativeTarget "AutoHeightIncrementTableViewDemo" */ = {
			isa = XCConfigurationList;
			buildConfigurations = (
				0067E802215602F900459A06 /* Debug */,
				0067E803215602F900459A06 /* Release */,
			);
			defaultConfigurationIsVisible = 0;
			defaultConfigurationName = Release;
		};
/* End XCConfigurationList section */
	};
	rootObject = 0067E7E7215602F800459A06 /* Project object */;
}
